{
  "name": "cader",
  "version": "0.0.0",
  "lockfileVersion": 1,
  "requires": true,
  "dependencies": {
    "ssv": {
      "version": "3.3.0",
      "resolved": "https://registry.npmjs.org/ssv/-/ssv-3.3.0.tgz",
      "integrity": "sha512-mvbpijT2YsBvRfOMIUEP6Cxy8Y9WSx9JtClHbEgoAlf9NwFbvH7jlbFOGLKdo4ARaSpiaDUV9IrdTUF77Jzu2g=="
    }
  }
}
